// !$*UTF8*$!
{
	archiveVersion = 1;
	classes = {
	};
	objectVersion = 56;
	objects = {

/* Begin PBXBuildFile section */
		26BFF8872BDCF528006F004B /* AppDelegate.swift in Sources */ = {isa = PBXBuildFile; fileRef = 26BFF8862BDCF528006F004B /* AppDelegate.swift */; };
		26BFF8892BDCF528006F004B /* SceneDelegate.swift in Sources */ = {isa = PBXBuildFile; fileRef = 26BFF8882BDCF528006F004B /* SceneDelegate.swift */; };
		26BFF88B2BDCF528006F004B /* ViewController.swift in Sources */ = {isa = PBXBuildFile; fileRef = 26BFF88A2BDCF528006F004B /* ViewController.swift */; };
		26BFF88E2BDCF528006F004B /* Base in Resources */ = {isa = PBXBuildFile; fileRef = 26BFF88D2BDCF528006F004B /* Base */; };
		26BFF8902BDCF529006F004B /* Assets.xcassets in Resources */ = {isa = PBXBuildFile; fileRef = 26BFF88F2BDCF529006F004B /* Assets.xcassets */; };
		26BFF8932BDCF529006F004B /* Base in Resources */ = {isa = PBXBuildFile; fileRef = 26BFF8922BDCF529006F004B /* Base */; };
		26BFF8A62BDCF8A9006F004B /* APIManager.swift in Sources */ = {isa = PBXBuildFile; fileRef = 26BFF8A52BDCF8A9006F004B /* APIManager.swift */; };
		26BFF8A82BDD08FA006F004B /* Int+Extensions.swift in Sources */ = {isa = PBXBuildFile; fileRef = 26BFF8A72BDD08FA006F004B /* Int+Extensions.swift */; };
		26BFF8AA2BDD0955006F004B /* ViewControllerViewModel.swift in Sources */ = {isa = PBXBuildFile; fileRef = 26BFF8A92BDD0955006F004B /* ViewControllerViewModel.swift */; };
		26BFF8AC2BDD0AD8006F004B /* DataModel.swift in Sources */ = {isa = PBXBuildFile; fileRef = 26BFF8AB2BDD0AD8006F004B /* DataModel.swift */; };
		26BFF8B02BDD0B20006F004B /* TableViewCell.swift in Sources */ = {isa = PBXBuildFile; fileRef = 26BFF8AE2BDD0B20006F004B /* TableViewCell.swift */; };
		26BFF8B12BDD0B20006F004B /* TableViewCell.xib in Resources */ = {isa = PBXBuildFile; fileRef = 26BFF8AF2BDD0B20006F004B /* TableViewCell.xib */; };
		26BFF8B32BDD13AD006F004B /* DetailVC.swift in Sources */ = {isa = PBXBuildFile; fileRef = 26BFF8B22BDD13AD006F004B /* DetailVC.swift */; };
		26BFF8B52BDD14A4006F004B /* DetailViewModel.swift in Sources */ = {isa = PBXBuildFile; fileRef = 26BFF8B42BDD14A4006F004B /* DetailViewModel.swift */; };
		26BFF8B82BDD1E42006F004B /* LoaderCell.swift in Sources */ = {isa = PBXBuildFile; fileRef = 26BFF8B62BDD1E42006F004B /* LoaderCell.swift */; };
		26BFF8B92BDD1E42006F004B /* LoaderCell.xib in Resources */ = {isa = PBXBuildFile; fileRef = 26BFF8B72BDD1E42006F004B /* LoaderCell.xib */; };
/* End PBXBuildFile section */

/* Begin PBXFileReference section */
		26BFF8832BDCF528006F004B /* JatinC_Task.app */ = {isa = PBXFileReference; explicitFileType = wrapper.application; includeInIndex = 0; path = JatinC_Task.app; sourceTree = BUILT_PRODUCTS_DIR; };
		26BFF8862BDCF528006F004B /* AppDelegate.swift */ = {isa = PBXFileReference; lastKnownFileType = sourcecode.swift; path = AppDelegate.swift; sourceTree = "<group>"; };
		26BFF8882BDCF528006F004B /* SceneDelegate.swift */ = {isa = PBXFileReference; lastKnownFileType = sourcecode.swift; path = SceneDelegate.swift; sourceTree = "<group>"; };
		26BFF88A2BDCF528006F004B /* ViewController.swift */ = {isa = PBXFileReference; lastKnownFileType = sourcecode.swift; path = ViewController.swift; sourceTree = "<group>"; };
		26BFF88D2BDCF528006F004B /* Base */ = {isa = PBXFileReference; lastKnownFileType = file.storyboard; name = Base; path = Base.lproj/Main.storyboard; sourceTree = "<group>"; };
		26BFF88F2BDCF529006F004B /* Assets.xcassets */ = {isa = PBXFileReference; lastKnownFileType = folder.assetcatalog; path = Assets.xcassets; sourceTree = "<group>"; };
		26BFF8922BDCF529006F004B /* Base */ = {isa = PBXFileReference; lastKnownFileType = file.storyboard; name = Base; path = Base.lproj/LaunchScreen.storyboard; sourceTree = "<group>"; };
		26BFF8942BDCF529006F004B /* Info.plist */ = {isa = PBXFileReference; lastKnownFileType = text.plist.xml; path = Info.plist; sourceTree = "<group>"; };
		26BFF8A52BDCF8A9006F004B /* APIManager.swift */ = {isa = PBXFileReference; lastKnownFileType = sourcecode.swift; path = APIManager.swift; sourceTree = "<group>"; };
		26BFF8A72BDD08FA006F004B /* Int+Extensions.swift */ = {isa = PBXFileReference; lastKnownFileType = sourcecode.swift; path = "Int+Extensions.swift"; sourceTree = "<group>"; };
		26BFF8A92BDD0955006F004B /* ViewControllerViewModel.swift */ = {isa = PBXFileReference; lastKnownFileType = sourcecode.swift; path = ViewControllerViewModel.swift; sourceTree = "<group>"; };
		26BFF8AB2BDD0AD8006F004B /* DataModel.swift */ = {isa = PBXFileReference; lastKnownFileType = sourcecode.swift; path = DataModel.swift; sourceTree = "<group>"; };
		26BFF8AE2BDD0B20006F004B /* TableViewCell.swift */ = {isa = PBXFileReference; lastKnownFileType = sourcecode.swift; path = TableViewCell.swift; sourceTree = "<group>"; };
		26BFF8AF2BDD0B20006F004B /* TableViewCell.xib */ = {isa = PBXFileReference; lastKnownFileType = file.xib; path = TableViewCell.xib; sourceTree = "<group>"; };
		26BFF8B22BDD13AD006F004B /* DetailVC.swift */ = {isa = PBXFileReference; lastKnownFileType = sourcecode.swift; path = DetailVC.swift; sourceTree = "<group>"; };
		26BFF8B42BDD14A4006F004B /* DetailViewModel.swift */ = {isa = PBXFileReference; lastKnownFileType = sourcecode.swift; path = DetailViewModel.swift; sourceTree = "<group>"; };
		26BFF8B62BDD1E42006F004B /* LoaderCell.swift */ = {isa = PBXFileReference; lastKnownFileType = sourcecode.swift; path = LoaderCell.swift; sourceTree = "<group>"; };
		26BFF8B72BDD1E42006F004B /* LoaderCell.xib */ = {isa = PBXFileReference; lastKnownFileType = file.xib; path = LoaderCell.xib; sourceTree = "<group>"; };
/* End PBXFileReference section */

/* Begin PBXFrameworksBuildPhase section */
		26BFF8802BDCF528006F004B /* Frameworks */ = {
			isa = PBXFrameworksBuildPhase;
			buildActionMask = 2147483647;
			files = (
			);
			runOnlyForDeploymentPostprocessing = 0;
		};
/* End PBXFrameworksBuildPhase section */

/* Begin PBXGroup section */
		26BFF87A2BDCF528006F004B = {
			isa = PBXGroup;
			children = (
				26BFF8852BDCF528006F004B /* JatinC_Task */,
				26BFF8842BDCF528006F004B /* Products */,
			);
			sourceTree = "<group>";
		};
		26BFF8842BDCF528006F004B /* Products */ = {
			isa = PBXGroup;
			children = (
				26BFF8832BDCF528006F004B /* JatinC_Task.app */,
			);
			name = Products;
			sourceTree = "<group>";
		};
		26BFF8852BDCF528006F004B /* JatinC_Task */ = {
			isa = PBXGroup;
			children = (
				26BFF8A22BDCF868006F004B /* Utilities */,
				26BFF8A02BDCF847006F004B /* Resources */,
				26BFF89B2BDCF805006F004B /* Model */,
				26BFF89A2BDCF7F9006F004B /* View */,
				26BFF89C2BDCF812006F004B /* ViewModel */,
				26BFF8942BDCF529006F004B /* Info.plist */,
			);
			path = JatinC_Task;
			sourceTree = "<group>";
		};
		26BFF89A2BDCF7F9006F004B /* View */ = {
			isa = PBXGroup;
			children = (
				26BFF8AD2BDD0B01006F004B /* Xibs */,
				26BFF89F2BDCF834006F004B /* Controllers */,
				26BFF89E2BDCF82D006F004B /* Storyboards */,
			);
			path = View;
			sourceTree = "<group>";
		};
		26BFF89B2BDCF805006F004B /* Model */ = {
			isa = PBXGroup;
			children = (
				26BFF8A12BDCF85A006F004B /* DataModel */,
				26BFF89D2BDCF81B006F004B /* AppModel */,
			);
			path = Model;
			sourceTree = "<group>";
		};
		26BFF89C2BDCF812006F004B /* ViewModel */ = {
			isa = PBXGroup;
			children = (
				26BFF8A92BDD0955006F004B /* ViewControllerViewModel.swift */,
				26BFF8B42BDD14A4006F004B /* DetailViewModel.swift */,
			);
			path = ViewModel;
			sourceTree = "<group>";
		};
		26BFF89D2BDCF81B006F004B /* AppModel */ = {
			isa = PBXGroup;
			children = (
				26BFF8862BDCF528006F004B /* AppDelegate.swift */,
				26BFF8882BDCF528006F004B /* SceneDelegate.swift */,
			);
			path = AppModel;
			sourceTree = "<group>";
		};
		26BFF89E2BDCF82D006F004B /* Storyboards */ = {
			isa = PBXGroup;
			children = (
				26BFF88C2BDCF528006F004B /* Main.storyboard */,
				26BFF8912BDCF529006F004B /* LaunchScreen.storyboard */,
			);
			path = Storyboards;
			sourceTree = "<group>";
		};
		26BFF89F2BDCF834006F004B /* Controllers */ = {
			isa = PBXGroup;
			children = (
				26BFF88A2BDCF528006F004B /* ViewController.swift */,
				26BFF8B22BDD13AD006F004B /* DetailVC.swift */,
			);
			path = Controllers;
			sourceTree = "<group>";
		};
		26BFF8A02BDCF847006F004B /* Resources */ = {
			isa = PBXGroup;
			children = (
				26BFF88F2BDCF529006F004B /* Assets.xcassets */,
			);
			path = Resources;
			sourceTree = "<group>";
		};
		26BFF8A12BDCF85A006F004B /* DataModel */ = {
			isa = PBXGroup;
			children = (
				26BFF8AB2BDD0AD8006F004B /* DataModel.swift */,
			);
			path = DataModel;
			sourceTree = "<group>";
		};
		26BFF8A22BDCF868006F004B /* Utilities */ = {
			isa = PBXGroup;
			children = (
				26BFF8A42BDCF88B006F004B /* Extensions */,
				26BFF8A32BDCF881006F004B /* APIManager */,
			);
			path = Utilities;
			sourceTree = "<group>";
		};
		26BFF8A32BDCF881006F004B /* APIManager */ = {
			isa = PBXGroup;
			children = (
				26BFF8A52BDCF8A9006F004B /* APIManager.swift */,
			);
			path = APIManager;
			sourceTree = "<group>";
		};
		26BFF8A42BDCF88B006F004B /* Extensions */ = {
			isa = PBXGroup;
			children = (
				26BFF8A72BDD08FA006F004B /* Int+Extensions.swift */,
			);
			path = Extensions;
			sourceTree = "<group>";
		};
		26BFF8AD2BDD0B01006F004B /* Xibs */ = {
			isa = PBXGroup;
			children = (
				26BFF8AE2BDD0B20006F004B /* TableViewCell.swift */,
				26BFF8AF2BDD0B20006F004B /* TableViewCell.xib */,
				26BFF8B62BDD1E42006F004B /* LoaderCell.swift */,
				26BFF8B72BDD1E42006F004B /* LoaderCell.xib */,
			);
			path = Xibs;
			sourceTree = "<group>";
		};
/* End PBXGroup section */

/* Begin PBXNativeTarget section */
		26BFF8822BDCF528006F004B /* JatinC_Task */ = {
			isa = PBXNativeTarget;
			buildConfigurationList = 26BFF8972BDCF529006F004B /* Build configuration list for PBXNativeTarget "JatinC_Task" */;
			buildPhases = (
				26BFF87F2BDCF528006F004B /* Sources */,
				26BFF8802BDCF528006F004B /* Frameworks */,
				26BFF8812BDCF528006F004B /* Resources */,
			);
			buildRules = (
			);
			dependencies = (
			);
			name = JatinC_Task;
			productName = JatinC_Task;
			productReference = 26BFF8832BDCF528006F004B /* JatinC_Task.app */;
			productType = "com.apple.product-type.application";
		};
/* End PBXNativeTarget section */

/* Begin PBXProject section */
		26BFF87B2BDCF528006F004B /* Project object */ = {
			isa = PBXProject;
			attributes = {
				BuildIndependentTargetsInParallel = 1;
				LastSwiftUpdateCheck = 1530;
				LastUpgradeCheck = 1530;
				TargetAttributes = {
					26BFF8822BDCF528006F004B = {
						CreatedOnToolsVersion = 15.3;
					};
				};
			};
			buildConfigurationList = 26BFF87E2BDCF528006F004B /* Build configuration list for PBXProject "JatinC_Task" */;
			compatibilityVersion = "Xcode 14.0";
			developmentRegion = en;
			hasScannedForEncodings = 0;
			knownRegions = (
				en,
				Base,
			);
			mainGroup = 26BFF87A2BDCF528006F004B;
			productRefGroup = 26BFF8842BDCF528006F004B /* Products */;
			projectDirPath = "";
			projectRoot = "";
			targets = (
				26BFF8822BDCF528006F004B /* JatinC_Task */,
			);
		};
/* End PBXProject section */

/* Begin PBXResourcesBuildPhase section */
		26BFF8812BDCF528006F004B /* Resources */ = {
			isa = PBXResourcesBuildPhase;
			buildActionMask = 2147483647;
			files = (
				26BFF8902BDCF529006F004B /* Assets.xcassets in Resources */,
				26BFF8B12BDD0B20006F004B /* TableViewCell.xib in Resources */,
				26BFF8932BDCF529006F004B /* Base in Resources */,
				26BFF88E2BDCF528006F004B /* Base in Resources */,
				26BFF8B92BDD1E42006F004B /* LoaderCell.xib in Resources */,
			);
			runOnlyForDeploymentPostprocessing = 0;
		};
/* End PBXResourcesBuildPhase section */

/* Begin PBXSourcesBuildPhase section */
		26BFF87F2BDCF528006F004B /* Sources */ = {
			isa = PBXSourcesBuildPhase;
			buildActionMask = 2147483647;
			files = (
				26BFF8AC2BDD0AD8006F004B /* DataModel.swift in Sources */,
				26BFF8B02BDD0B20006F004B /* TableViewCell.swift in Sources */,
				26BFF8A62BDCF8A9006F004B /* APIManager.swift in Sources */,
				26BFF8B82BDD1E42006F004B /* LoaderCell.swift in Sources */,
				26BFF8B52BDD14A4006F004B /* DetailViewModel.swift in Sources */,
				26BFF8AA2BDD0955006F004B /* ViewControllerViewModel.swift in Sources */,
				26BFF88B2BDCF528006F004B /* ViewController.swift in Sources */,
				26BFF8B32BDD13AD006F004B /* DetailVC.swift in Sources */,
				26BFF8872BDCF528006F004B /* AppDelegate.swift in Sources */,
				26BFF8892BDCF528006F004B /* SceneDelegate.swift in Sources */,
				26BFF8A82BDD08FA006F004B /* Int+Extensions.swift in Sources */,
			);
			runOnlyForDeploymentPostprocessing = 0;
		};
/* End PBXSourcesBuildPhase section */

/* Begin PBXVariantGroup section */
		26BFF88C2BDCF528006F004B /* Main.storyboard */ = {
			isa = PBXVariantGroup;
			children = (
				26BFF88D2BDCF528006F004B /* Base */,
			);
			name = Main.storyboard;
			sourceTree = "<group>";
		};
		26BFF8912BDCF529006F004B /* LaunchScreen.storyboard */ = {
			isa = PBXVariantGroup;
			children = (
				26BFF8922BDCF529006F004B /* Base */,
			);
			name = LaunchScreen.storyboard;
			sourceTree = "<group>";
		};
/* End PBXVariantGroup section */

/* Begin XCBuildConfiguration section */
		26BFF8952BDCF529006F004B /* Debug */ = {
			isa = XCBuildConfiguration;
			buildSettings = {
				ALWAYS_SEARCH_USER_PATHS = NO;
				ASSETCATALOG_COMPILER_GENERATE_SWIFT_ASSET_SYMBOL_EXTENSIONS = YES;
				CLANG_ANALYZER_NONNULL = YES;
				CLANG_ANALYZER_NUMBER_OBJECT_CONVERSION = YES_AGGRESSIVE;
				CLANG_CXX_LANGUAGE_STANDARD = "gnu++20";
				CLANG_ENABLE_MODULES = YES;
				CLANG_ENABLE_OBJC_ARC = YES;
				CLANG_ENABLE_OBJC_WEAK = YES;
				CLANG_WARN_BLOCK_CAPTURE_AUTORELEASING = YES;
				CLANG_WARN_BOOL_CONVERSION = YES;
				CLANG_WARN_COMMA = YES;
				CLANG_WARN_CONSTANT_CONVERSION = YES;
				CLANG_WARN_DEPRECATED_OBJC_IMPLEMENTATIONS = YES;
				CLANG_WARN_DIRECT_OBJC_ISA_USAGE = YES_ERROR;
				CLANG_WARN_DOCUMENTATION_COMMENTS = YES;
				CLANG_WARN_EMPTY_BODY = YES;
				CLANG_WARN_ENUM_CONVERSION = YES;
				CLANG_WARN_INFINITE_RECURSION = YES;
				CLANG_WARN_INT_CONVERSION = YES;
				CLANG_WARN_NON_LITERAL_NULL_CONVERSION = YES;
				CLANG_WARN_OBJC_IMPLICIT_RETAIN_SELF = YES;
				CLANG_WARN_OBJC_LITERAL_CONVERSION = YES;
				CLANG_WARN_OBJC_ROOT_CLASS = YES_ERROR;
				CLANG_WARN_QUOTED_INCLUDE_IN_FRAMEWORK_HEADER = YES;
				CLANG_WARN_RANGE_LOOP_ANALYSIS = YES;
				CLANG_WARN_STRICT_PROTOTYPES = YES;
				CLANG_WARN_SUSPICIOUS_MOVE = YES;
				CLANG_WARN_UNGUARDED_AVAILABILITY = YES_AGGRESSIVE;
				CLANG_WARN_UNREACHABLE_CODE = YES;
				CLANG_WARN__DUPLICATE_METHOD_MATCH = YES;
				COPY_PHASE_STRIP = NO;
				DEBUG_INFORMATION_FORMAT = dwarf;
				ENABLE_STRICT_OBJC_MSGSEND = YES;
				ENABLE_TESTABILITY = YES;
				ENABLE_USER_SCRIPT_SANDBOXING = YES;
				GCC_C_LANGUAGE_STANDARD = gnu17;
				GCC_DYNAMIC_NO_PIC = NO;
				GCC_NO_COMMON_BLOCKS = YES;
				GCC_OPTIMIZATION_LEVEL = 0;
				GCC_PREPROCESSOR_DEFINITIONS = (
					"DEBUG=1",
					"$(inherited)",
				);
				GCC_WARN_64_TO_32_BIT_CONVERSION = YES;
				GCC_WARN_ABOUT_RETURN_TYPE = YES_ERROR;
				GCC_WARN_UNDECLARED_SELECTOR = YES;
				GCC_WARN_UNINITIALIZED_AUTOS = YES_AGGRESSIVE;
				GCC_WARN_UNUSED_FUNCTION = YES;
				GCC_WARN_UNUSED_VARIABLE = YES;
				IPHONEOS_DEPLOYMENT_TARGET = 17.4;
				LOCALIZATION_PREFERS_STRING_CATALOGS = YES;
				MTL_ENABLE_DEBUG_INFO = INCLUDE_SOURCE;
				MTL_FAST_MATH = YES;
				ONLY_ACTIVE_ARCH = YES;
				SDKROOT = iphoneos;
				SWIFT_ACTIVE_COMPILATION_CONDITIONS = "DEBUG $(inherited)";
				SWIFT_OPTIMIZATION_LEVEL = "-Onone";
			};
			name = Debug;
		};
		26BFF8962BDCF529006F004B /* Release */ = {
			isa = XCBuildConfiguration;
			buildSettings = {
				ALWAYS_SEARCH_USER_PATHS = NO;
				ASSETCATALOG_COMPILER_GENERATE_SWIFT_ASSET_SYMBOL_EXTENSIONS = YES;
				CLANG_ANALYZER_NONNULL = YES;
				CLANG_ANALYZER_NUMBER_OBJECT_CONVERSION = YES_AGGRESSIVE;
				CLANG_CXX_LANGUAGE_STANDARD = "gnu++20";
				CLANG_ENABLE_MODULES = YES;
				CLANG_ENABLE_OBJC_ARC = YES;
				CLANG_ENABLE_OBJC_WEAK = YES;
				CLANG_WARN_BLOCK_CAPTURE_AUTORELEASING = YES;
				CLANG_WARN_BOOL_CONVERSION = YES;
				CLANG_WARN_COMMA = YES;
				CLANG_WARN_CONSTANT_CONVERSION = YES;
				CLANG_WARN_DEPRECATED_OBJC_IMPLEMENTATIONS = YES;
				CLANG_WARN_DIRECT_OBJC_ISA_USAGE = YES_ERROR;
				CLANG_WARN_DOCUMENTATION_COMMENTS = YES;
				CLANG_WARN_EMPTY_BODY = YES;
				CLANG_WARN_ENUM_CONVERSION = YES;
				CLANG_WARN_INFINITE_RECURSION = YES;
				CLANG_WARN_INT_CONVERSION = YES;
				CLANG_WARN_NON_LITERAL_NULL_CONVERSION = YES;
				CLANG_WARN_OBJC_IMPLICIT_RETAIN_SELF = YES;
				CLANG_WARN_OBJC_LITERAL_CONVERSION = YES;
				CLANG_WARN_OBJC_ROOT_CLASS = YES_ERROR;
				CLANG_WARN_QUOTED_INCLUDE_IN_FRAMEWORK_HEADER = YES;
				CLANG_WARN_RANGE_LOOP_ANALYSIS = YES;
				CLANG_WARN_STRICT_PROTOTYPES = YES;
				CLANG_WARN_SUSPICIOUS_MOVE = YES;
				CLANG_WARN_UNGUARDED_AVAILABILITY = YES_AGGRESSIVE;
				CLANG_WARN_UNREACHABLE_CODE = YES;
				CLANG_WARN__DUPLICATE_METHOD_MATCH = YES;
				COPY_PHASE_STRIP = NO;
				DEBUG_INFORMATION_FORMAT = "dwarf-with-dsym";
				ENABLE_NS_ASSERTIONS = NO;
				ENABLE_STRICT_OBJC_MSGSEND = YES;
				ENABLE_USER_SCRIPT_SANDBOXING = YES;
				GCC_C_LANGUAGE_STANDARD = gnu17;
				GCC_NO_COMMON_BLOCKS = YES;
				GCC_WARN_64_TO_32_BIT_CONVERSION = YES;
				GCC_WARN_ABOUT_RETURN_TYPE = YES_ERROR;
				GCC_WARN_UNDECLARED_SELECTOR = YES;
				GCC_WARN_UNINITIALIZED_AUTOS = YES_AGGRESSIVE;
				GCC_WARN_UNUSED_FUNCTION = YES;
				GCC_WARN_UNUSED_VARIABLE = YES;
				IPHONEOS_DEPLOYMENT_TARGET = 17.4;
				LOCALIZATION_PREFERS_STRING_CATALOGS = YES;
				MTL_ENABLE_DEBUG_INFO = NO;
				MTL_FAST_MATH = YES;
				SDKROOT = iphoneos;
				SWIFT_COMPILATION_MODE = wholemodule;
				VALIDATE_PRODUCT = YES;
			};
			name = Release;
		};
		26BFF8982BDCF529006F004B /* Debug */ = {
			isa = XCBuildConfiguration;
			buildSettings = {
				ASSETCATALOG_COMPILER_APPICON_NAME = AppIcon;
				ASSETCATALOG_COMPILER_GLOBAL_ACCENT_COLOR_NAME = AccentColor;
				CODE_SIGN_STYLE = Automatic;
				CURRENT_PROJECT_VERSION = 1;
				DEVELOPMENT_TEAM = 26VG8PRB6W;
				GENERATE_INFOPLIST_FILE = YES;
				INFOPLIST_FILE = JatinC_Task/Info.plist;
				INFOPLIST_KEY_UIApplicationSupportsIndirectInputEvents = YES;
				INFOPLIST_KEY_UILaunchStoryboardName = LaunchScreen;
				INFOPLIST_KEY_UIMainStoryboardFile = Main;
				INFOPLIST_KEY_UISupportedInterfaceOrientations_iPad = "UIInterfaceOrientationPortrait UIInterfaceOrientationPortraitUpsideDown UIInterfaceOrientationLandscapeLeft UIInterfaceOrientationLandscapeRight";
				INFOPLIST_KEY_UISupportedInterfaceOrientations_iPhone = "UIInterfaceOrientationPortrait UIInterfaceOrientationLandscapeLeft UIInterfaceOrientationLandscapeRight";
				LD_RUNPATH_SEARCH_PATHS = (
					"$(inherited)",
					"@executable_path/Frameworks",
				);
				MARKETING_VERSION = 1.0;
				PRODUCT_BUNDLE_IDENTIFIER = "com.jatin.JatinC-Task";
				PRODUCT_NAME = "$(TARGET_NAME)";
				SWIFT_EMIT_LOC_STRINGS = YES;
				SWIFT_VERSION = 5.0;
				TARGETED_DEVICE_FAMILY = "1,2";
			};
			name = Debug;
		};
		26BFF8992BDCF529006F004B /* Release */ = {
			isa = XCBuildConfiguration;
			buildSettings = {
				ASSETCATALOG_COMPILER_APPICON_NAME = AppIcon;
				ASSETCATALOG_COMPILER_GLOBAL_ACCENT_COLOR_NAME = AccentColor;
				CODE_SIGN_STYLE = Automatic;
				CURRENT_PROJECT_VERSION = 1;
				DEVELOPMENT_TEAM = 26VG8PRB6W;
				GENERATE_INFOPLIST_FILE = YES;
				INFOPLIST_FILE = JatinC_Task/Info.plist;
				INFOPLIST_KEY_UIApplicationSupportsIndirectInputEvents = YES;
				INFOPLIST_KEY_UILaunchStoryboardName = LaunchScreen;
				INFOPLIST_KEY_UIMainStoryboardFile = Main;
				INFOPLIST_KEY_UISupportedInterfaceOrientations_iPad = "UIInterfaceOrientationPortrait UIInterfaceOrientationPortraitUpsideDown UIInterfaceOrientationLandscapeLeft UIInterfaceOrientationLandscapeRight";
				INFOPLIST_KEY_UISupportedInterfaceOrientations_iPhone = "UIInterfaceOrientationPortrait UIInterfaceOrientationLandscapeLeft UIInterfaceOrientationLandscapeRight";
				LD_RUNPATH_SEARCH_PATHS = (
					"$(inherited)",
					"@executable_path/Frameworks",
				);
				MARKETING_VERSION = 1.0;
				PRODUCT_BUNDLE_IDENTIFIER = "com.jatin.JatinC-Task";
				PRODUCT_NAME = "$(TARGET_NAME)";
				SWIFT_EMIT_LOC_STRINGS = YES;
				SWIFT_VERSION = 5.0;
				TARGETED_DEVICE_FAMILY = "1,2";
			};
			name = Release;
		};
/* End XCBuildConfiguration section */

/* Begin XCConfigurationList section */
		26BFF87E2BDCF528006F004B /* Build configuration list for PBXProject "JatinC_Task" */ = {
			isa = XCConfigurationList;
			buildConfigurations = (
				26BFF8952BDCF529006F004B /* Debug */,
				26BFF8962BDCF529006F004B /* Release */,
			);
			defaultConfigurationIsVisible = 0;
			defaultConfigurationName = Release;
		};
		26BFF8972BDCF529006F004B /* Build configuration list for PBXNativeTarget "JatinC_Task" */ = {
			isa = XCConfigurationList;
			buildConfigurations = (
				26BFF8982BDCF529006F004B /* Debug */,
				26BFF8992BDCF529006F004B /* Release */,
			);
			defaultConfigurationIsVisible = 0;
			defaultConfigurationName = Release;
		};
/* End XCConfigurationList section */
	};
	rootObject = 26BFF87B2BDCF528006F004B /* Project object */;
}
